
Microsoft Visual Studio Solution File, Format Version 12.00
# Visual Studio 15
VisualStudioVersion = 15.0.26730.16
MinimumVisualStudioVersion = 10.0.40219.1
Project("{9A19103F-16F7-4668-BE54-9A1E7A4F7556}") = "TypeGen.Core", "TypeGen.Core\TypeGen.Core.csproj", "{7217A194-1AC9-4C1C-B799-DD00EF7C38E1}"
EndProject
Project("{9A19103F-16F7-4668-BE54-9A1E7A4F7556}") = "TypeGen.Cli", "TypeGen.Cli\TypeGen.Cli.csproj", "{432F0D6B-3E9D-4FE1-9ABF-72915433093A}"
EndProject
Global
	GlobalSection(SolutionConfigurationPlatforms) = preSolution
		Debug|Any CPU = Debug|Any CPU
		Debug|x64 = Debug|x64
		Debug|x86 = Debug|x86
		Release|Any CPU = Release|Any CPU
		Release|x64 = Release|x64
		Release|x86 = Release|x86
	EndGlobalSection
	GlobalSection(ProjectConfigurationPlatforms) = postSolution
		{7217A194-1AC9-4C1C-B799-DD00EF7C38E1}.Debug|Any CPU.ActiveCfg = Debug|Any CPU
		{7217A194-1AC9-4C1C-B799-DD00EF7C38E1}.Debug|Any CPU.Build.0 = Debug|Any CPU
		{7217A194-1AC9-4C1C-B799-DD00EF7C38E1}.Debug|x64.ActiveCfg = Debug|Any CPU
		{7217A194-1AC9-4C1C-B799-DD00EF7C38E1}.Debug|x64.Build.0 = Debug|Any CPU
		{7217A194-1AC9-4C1C-B799-DD00EF7C38E1}.Debug|x86.ActiveCfg = Debug|Any CPU
		{7217A194-1AC9-4C1C-B799-DD00EF7C38E1}.Debug|x86.Build.0 = Debug|Any CPU
		{7217A194-1AC9-4C1C-B799-DD00EF7C38E1}.Release|Any CPU.ActiveCfg = Release|Any CPU
		{7217A194-1AC9-4C1C-B799-DD00EF7C38E1}.Release|Any CPU.Build.0 = Release|Any CPU
		{7217A194-1AC9-4C1C-B799-DD00EF7C38E1}.Release|x64.ActiveCfg = Release|Any CPU
		{7217A194-1AC9-4C1C-B799-DD00EF7C38E1}.Release|x64.Build.0 = Release|Any CPU
		{7217A194-1AC9-4C1C-B799-DD00EF7C38E1}.Release|x86.ActiveCfg = Release|Any CPU
		{7217A194-1AC9-4C1C-B799-DD00EF7C38E1}.Release|x86.Build.0 = Release|Any CPU
		{432F0D6B-3E9D-4FE1-9ABF-72915433093A}.Debug|Any CPU.ActiveCfg = Debug|Any CPU
		{432F0D6B-3E9D-4FE1-9ABF-72915433093A}.Debug|Any CPU.Build.0 = Debug|Any CPU
		{432F0D6B-3E9D-4FE1-9ABF-72915433093A}.Debug|x64.ActiveCfg = Debug|Any CPU
		{432F0D6B-3E9D-4FE1-9ABF-72915433093A}.Debug|x64.Build.0 = Debug|Any CPU
		{432F0D6B-3E9D-4FE1-9ABF-72915433093A}.Debug|x86.ActiveCfg = Debug|Any CPU
		{432F0D6B-3E9D-4FE1-9ABF-72915433093A}.Debug|x86.Build.0 = Debug|Any CPU
		{432F0D6B-3E9D-4FE1-9ABF-72915433093A}.Release|Any CPU.ActiveCfg = Release|Any CPU
		{432F0D6B-3E9D-4FE1-9ABF-72915433093A}.Release|Any CPU.Build.0 = Release|Any CPU
		{432F0D6B-3E9D-4FE1-9ABF-72915433093A}.Release|x64.ActiveCfg = Release|Any CPU
		{432F0D6B-3E9D-4FE1-9ABF-72915433093A}.Release|x64.Build.0 = Release|Any CPU
		{432F0D6B-3E9D-4FE1-9ABF-72915433093A}.Release|x86.ActiveCfg = Release|Any CPU
		{432F0D6B-3E9D-4FE1-9ABF-72915433093A}.Release|x86.Build.0 = Release|Any CPU
	EndGlobalSection
	GlobalSection(SolutionProperties) = preSolution
		HideSolutionNode = FALSE
	EndGlobalSection
	GlobalSection(ExtensibilityGlobals) = postSolution
		SolutionGuid = {9991A011-AD82-4D50-8FBD-AD2CB5C61C13}
	EndGlobalSection
EndGlobal
