
Microsoft Visual Studio Solution File, Format Version 12.00
# Visual Studio 14
VisualStudioVersion = 14.0.25123.0
MinimumVisualStudioVersion = 10.0.40219.1
Project("{FAE04EC0-301F-11D3-BF4B-00C04F79EFBC}") = "TypeGen.Cli", "TypeGen.Cli\TypeGen.Cli.csproj", "{88BA83C0-E451-4E66-A3F2-3CDA7346BF10}"
EndProject
Project("{FAE04EC0-301F-11D3-BF4B-00C04F79EFBC}") = "TypeGen.Core", "TypeGen.Core\TypeGen.Core.csproj", "{F155F00C-6F6C-4480-BBB4-C1E00DC53958}"
EndProject
Project("{FAE04EC0-301F-11D3-BF4B-00C04F79EFBC}") = "TypeGen.Test", "TypeGen.Test\TypeGen.Test.csproj", "{F5370D7A-2E80-416E-8C5D-BC8C75A3738C}"
EndProject
Global
	GlobalSection(SolutionConfigurationPlatforms) = preSolution
		Debug|Any CPU = Debug|Any CPU
		Release|Any CPU = Release|Any CPU
	EndGlobalSection
	GlobalSection(ProjectConfigurationPlatforms) = postSolution
		{88BA83C0-E451-4E66-A3F2-3CDA7346BF10}.Debug|Any CPU.ActiveCfg = Debug|Any CPU
		{88BA83C0-E451-4E66-A3F2-3CDA7346BF10}.Debug|Any CPU.Build.0 = Debug|Any CPU
		{88BA83C0-E451-4E66-A3F2-3CDA7346BF10}.Release|Any CPU.ActiveCfg = Release|Any CPU
		{88BA83C0-E451-4E66-A3F2-3CDA7346BF10}.Release|Any CPU.Build.0 = Release|Any CPU
		{F155F00C-6F6C-4480-BBB4-C1E00DC53958}.Debug|Any CPU.ActiveCfg = Debug|Any CPU
		{F155F00C-6F6C-4480-BBB4-C1E00DC53958}.Debug|Any CPU.Build.0 = Debug|Any CPU
		{F155F00C-6F6C-4480-BBB4-C1E00DC53958}.Release|Any CPU.ActiveCfg = Release|Any CPU
		{F155F00C-6F6C-4480-BBB4-C1E00DC53958}.Release|Any CPU.Build.0 = Release|Any CPU
		{F5370D7A-2E80-416E-8C5D-BC8C75A3738C}.Debug|Any CPU.ActiveCfg = Debug|Any CPU
		{F5370D7A-2E80-416E-8C5D-BC8C75A3738C}.Debug|Any CPU.Build.0 = Debug|Any CPU
		{F5370D7A-2E80-416E-8C5D-BC8C75A3738C}.Release|Any CPU.ActiveCfg = Release|Any CPU
		{F5370D7A-2E80-416E-8C5D-BC8C75A3738C}.Release|Any CPU.Build.0 = Release|Any CPU
	EndGlobalSection
	GlobalSection(SolutionProperties) = preSolution
		HideSolutionNode = FALSE
	EndGlobalSection
EndGlobal
