
Microsoft Visual Studio Solution File, Format Version 12.00
# Visual Studio 15
VisualStudioVersion = 15.0.27004.2005
MinimumVisualStudioVersion = 10.0.40219.1
Project("{9A19103F-16F7-4668-BE54-9A1E7A4F7556}") = "TypeGen.Core", "TypeGen.Core\TypeGen.Core.csproj", "{7217A194-1AC9-4C1C-B799-DD00EF7C38E1}"
EndProject
Project("{9A19103F-16F7-4668-BE54-9A1E7A4F7556}") = "TypeGen.Cli", "TypeGen.Cli\TypeGen.Cli.csproj", "{432F0D6B-3E9D-4FE1-9ABF-72915433093A}"
EndProject
Project("{9A19103F-16F7-4668-BE54-9A1E7A4F7556}") = "TypeGen.TestWebApp", "TypeGen.TestWebApp\TypeGen.TestWebApp.csproj", "{DCA630CF-05F6-4F83-BFDA-25C6208DD8F0}"
EndProject
Project("{FAE04EC0-301F-11D3-BF4B-00C04F79EFBC}") = "TypeGen.Core.Test", "TypeGen.Core.Test\TypeGen.Core.Test.csproj", "{80270C4D-B3D6-47E4-8386-761E1BF2184A}"
EndProject
Project("{FAE04EC0-301F-11D3-BF4B-00C04F79EFBC}") = "TypeGen.Cli.Test", "TypeGen.Cli.Test\TypeGen.Cli.Test.csproj", "{7A524558-A065-44EB-B9BC-1DC46ED4042C}"
EndProject
Project("{FAE04EC0-301F-11D3-BF4B-00C04F79EFBC}") = "TypeGen.AcceptanceTest", "TypeGen.AcceptanceTest\TypeGen.AcceptanceTest.csproj", "{CC91A6B3-AA7E-42B5-B920-5F21DB14D791}"
EndProject
Global
	GlobalSection(SolutionConfigurationPlatforms) = preSolution
		Debug|Any CPU = Debug|Any CPU
		Debug|x64 = Debug|x64
		Debug|x86 = Debug|x86
		Release|Any CPU = Release|Any CPU
		Release|x64 = Release|x64
		Release|x86 = Release|x86
	EndGlobalSection
	GlobalSection(ProjectConfigurationPlatforms) = postSolution
		{7217A194-1AC9-4C1C-B799-DD00EF7C38E1}.Debug|Any CPU.ActiveCfg = Debug|Any CPU
		{7217A194-1AC9-4C1C-B799-DD00EF7C38E1}.Debug|Any CPU.Build.0 = Debug|Any CPU
		{7217A194-1AC9-4C1C-B799-DD00EF7C38E1}.Debug|x64.ActiveCfg = Debug|Any CPU
		{7217A194-1AC9-4C1C-B799-DD00EF7C38E1}.Debug|x64.Build.0 = Debug|Any CPU
		{7217A194-1AC9-4C1C-B799-DD00EF7C38E1}.Debug|x86.ActiveCfg = Debug|Any CPU
		{7217A194-1AC9-4C1C-B799-DD00EF7C38E1}.Debug|x86.Build.0 = Debug|Any CPU
		{7217A194-1AC9-4C1C-B799-DD00EF7C38E1}.Release|Any CPU.ActiveCfg = Release|Any CPU
		{7217A194-1AC9-4C1C-B799-DD00EF7C38E1}.Release|Any CPU.Build.0 = Release|Any CPU
		{7217A194-1AC9-4C1C-B799-DD00EF7C38E1}.Release|x64.ActiveCfg = Release|Any CPU
		{7217A194-1AC9-4C1C-B799-DD00EF7C38E1}.Release|x64.Build.0 = Release|Any CPU
		{7217A194-1AC9-4C1C-B799-DD00EF7C38E1}.Release|x86.ActiveCfg = Release|Any CPU
		{7217A194-1AC9-4C1C-B799-DD00EF7C38E1}.Release|x86.Build.0 = Release|Any CPU
		{432F0D6B-3E9D-4FE1-9ABF-72915433093A}.Debug|Any CPU.ActiveCfg = Debug|Any CPU
		{432F0D6B-3E9D-4FE1-9ABF-72915433093A}.Debug|Any CPU.Build.0 = Debug|Any CPU
		{432F0D6B-3E9D-4FE1-9ABF-72915433093A}.Debug|x64.ActiveCfg = Debug|Any CPU
		{432F0D6B-3E9D-4FE1-9ABF-72915433093A}.Debug|x64.Build.0 = Debug|Any CPU
		{432F0D6B-3E9D-4FE1-9ABF-72915433093A}.Debug|x86.ActiveCfg = Debug|Any CPU
		{432F0D6B-3E9D-4FE1-9ABF-72915433093A}.Debug|x86.Build.0 = Debug|Any CPU
		{432F0D6B-3E9D-4FE1-9ABF-72915433093A}.Release|Any CPU.ActiveCfg = Release|Any CPU
		{432F0D6B-3E9D-4FE1-9ABF-72915433093A}.Release|Any CPU.Build.0 = Release|Any CPU
		{432F0D6B-3E9D-4FE1-9ABF-72915433093A}.Release|x64.ActiveCfg = Release|Any CPU
		{432F0D6B-3E9D-4FE1-9ABF-72915433093A}.Release|x64.Build.0 = Release|Any CPU
		{432F0D6B-3E9D-4FE1-9ABF-72915433093A}.Release|x86.ActiveCfg = Release|Any CPU
		{432F0D6B-3E9D-4FE1-9ABF-72915433093A}.Release|x86.Build.0 = Release|Any CPU
		{DCA630CF-05F6-4F83-BFDA-25C6208DD8F0}.Debug|Any CPU.ActiveCfg = Debug|Any CPU
		{DCA630CF-05F6-4F83-BFDA-25C6208DD8F0}.Debug|Any CPU.Build.0 = Debug|Any CPU
		{DCA630CF-05F6-4F83-BFDA-25C6208DD8F0}.Debug|x64.ActiveCfg = Debug|Any CPU
		{DCA630CF-05F6-4F83-BFDA-25C6208DD8F0}.Debug|x64.Build.0 = Debug|Any CPU
		{DCA630CF-05F6-4F83-BFDA-25C6208DD8F0}.Debug|x86.ActiveCfg = Debug|Any CPU
		{DCA630CF-05F6-4F83-BFDA-25C6208DD8F0}.Debug|x86.Build.0 = Debug|Any CPU
		{DCA630CF-05F6-4F83-BFDA-25C6208DD8F0}.Release|Any CPU.ActiveCfg = Release|Any CPU
		{DCA630CF-05F6-4F83-BFDA-25C6208DD8F0}.Release|Any CPU.Build.0 = Release|Any CPU
		{DCA630CF-05F6-4F83-BFDA-25C6208DD8F0}.Release|x64.ActiveCfg = Release|Any CPU
		{DCA630CF-05F6-4F83-BFDA-25C6208DD8F0}.Release|x64.Build.0 = Release|Any CPU
		{DCA630CF-05F6-4F83-BFDA-25C6208DD8F0}.Release|x86.ActiveCfg = Release|Any CPU
		{DCA630CF-05F6-4F83-BFDA-25C6208DD8F0}.Release|x86.Build.0 = Release|Any CPU
		{80270C4D-B3D6-47E4-8386-761E1BF2184A}.Debug|Any CPU.ActiveCfg = Debug|Any CPU
		{80270C4D-B3D6-47E4-8386-761E1BF2184A}.Debug|Any CPU.Build.0 = Debug|Any CPU
		{80270C4D-B3D6-47E4-8386-761E1BF2184A}.Debug|x64.ActiveCfg = Debug|Any CPU
		{80270C4D-B3D6-47E4-8386-761E1BF2184A}.Debug|x64.Build.0 = Debug|Any CPU
		{80270C4D-B3D6-47E4-8386-761E1BF2184A}.Debug|x86.ActiveCfg = Debug|Any CPU
		{80270C4D-B3D6-47E4-8386-761E1BF2184A}.Debug|x86.Build.0 = Debug|Any CPU
		{80270C4D-B3D6-47E4-8386-761E1BF2184A}.Release|Any CPU.ActiveCfg = Release|Any CPU
		{80270C4D-B3D6-47E4-8386-761E1BF2184A}.Release|Any CPU.Build.0 = Release|Any CPU
		{80270C4D-B3D6-47E4-8386-761E1BF2184A}.Release|x64.ActiveCfg = Release|Any CPU
		{80270C4D-B3D6-47E4-8386-761E1BF2184A}.Release|x64.Build.0 = Release|Any CPU
		{80270C4D-B3D6-47E4-8386-761E1BF2184A}.Release|x86.ActiveCfg = Release|Any CPU
		{80270C4D-B3D6-47E4-8386-761E1BF2184A}.Release|x86.Build.0 = Release|Any CPU
		{7A524558-A065-44EB-B9BC-1DC46ED4042C}.Debug|Any CPU.ActiveCfg = Debug|Any CPU
		{7A524558-A065-44EB-B9BC-1DC46ED4042C}.Debug|Any CPU.Build.0 = Debug|Any CPU
		{7A524558-A065-44EB-B9BC-1DC46ED4042C}.Debug|x64.ActiveCfg = Debug|Any CPU
		{7A524558-A065-44EB-B9BC-1DC46ED4042C}.Debug|x64.Build.0 = Debug|Any CPU
		{7A524558-A065-44EB-B9BC-1DC46ED4042C}.Debug|x86.ActiveCfg = Debug|Any CPU
		{7A524558-A065-44EB-B9BC-1DC46ED4042C}.Debug|x86.Build.0 = Debug|Any CPU
		{7A524558-A065-44EB-B9BC-1DC46ED4042C}.Release|Any CPU.ActiveCfg = Release|Any CPU
		{7A524558-A065-44EB-B9BC-1DC46ED4042C}.Release|Any CPU.Build.0 = Release|Any CPU
		{7A524558-A065-44EB-B9BC-1DC46ED4042C}.Release|x64.ActiveCfg = Release|Any CPU
		{7A524558-A065-44EB-B9BC-1DC46ED4042C}.Release|x64.Build.0 = Release|Any CPU
		{7A524558-A065-44EB-B9BC-1DC46ED4042C}.Release|x86.ActiveCfg = Release|Any CPU
		{7A524558-A065-44EB-B9BC-1DC46ED4042C}.Release|x86.Build.0 = Release|Any CPU
		{CC91A6B3-AA7E-42B5-B920-5F21DB14D791}.Debug|Any CPU.ActiveCfg = Debug|Any CPU
		{CC91A6B3-AA7E-42B5-B920-5F21DB14D791}.Debug|Any CPU.Build.0 = Debug|Any CPU
		{CC91A6B3-AA7E-42B5-B920-5F21DB14D791}.Debug|x64.ActiveCfg = Debug|Any CPU
		{CC91A6B3-AA7E-42B5-B920-5F21DB14D791}.Debug|x64.Build.0 = Debug|Any CPU
		{CC91A6B3-AA7E-42B5-B920-5F21DB14D791}.Debug|x86.ActiveCfg = Debug|Any CPU
		{CC91A6B3-AA7E-42B5-B920-5F21DB14D791}.Debug|x86.Build.0 = Debug|Any CPU
		{CC91A6B3-AA7E-42B5-B920-5F21DB14D791}.Release|Any CPU.ActiveCfg = Release|Any CPU
		{CC91A6B3-AA7E-42B5-B920-5F21DB14D791}.Release|Any CPU.Build.0 = Release|Any CPU
		{CC91A6B3-AA7E-42B5-B920-5F21DB14D791}.Release|x64.ActiveCfg = Release|Any CPU
		{CC91A6B3-AA7E-42B5-B920-5F21DB14D791}.Release|x64.Build.0 = Release|Any CPU
		{CC91A6B3-AA7E-42B5-B920-5F21DB14D791}.Release|x86.ActiveCfg = Release|Any CPU
		{CC91A6B3-AA7E-42B5-B920-5F21DB14D791}.Release|x86.Build.0 = Release|Any CPU
	EndGlobalSection
	GlobalSection(SolutionProperties) = preSolution
		HideSolutionNode = FALSE
	EndGlobalSection
	GlobalSection(ExtensibilityGlobals) = postSolution
		SolutionGuid = {9991A011-AD82-4D50-8FBD-AD2CB5C61C13}
	EndGlobalSection
EndGlobal
